
Microsoft Visual Studio Solution File, Format Version 12.00
# Visual Studio Version 16
VisualStudioVersion = 16.0.30114.105
MinimumVisualStudioVersion = 10.0.40219.1
Project("{2150E333-8FDC-42A3-9474-1A3956D46DE8}") = "src", "src", "{66270CB2-9DD0-49A7-8F7F-9A5B6CA1B1FD}"
EndProject
Project("{FAE04EC0-301F-11D3-BF4B-00C04F79EFBC}") = "Hack.Assembler", "src\Hack.Assembler\Hack.Assembler.csproj", "{316051EE-89AB-4D04-8E65-E22CAD98BBE0}"
EndProject
Project("{FAE04EC0-301F-11D3-BF4B-00C04F79EFBC}") = "Hack.Tests", "src\Hack.Tests\Hack.Tests.csproj", "{A76B0B39-C61C-4519-93C1-68499E6EA54C}"
EndProject
Project("{FAE04EC0-301F-11D3-BF4B-00C04F79EFBC}") = "Hack.Hardware", "src\Hack.Hardware\Hack.Hardware.csproj", "{36ADCBC1-3B0F-40A9-959C-2EEF138B0C1E}"
EndProject
Project("{FAE04EC0-301F-11D3-BF4B-00C04F79EFBC}") = "Hack", "src\Hack\Hack.csproj", "{045DE76F-FF23-4C14-8FA4-0FF2111D0351}"
EndProject
Global
	GlobalSection(SolutionConfigurationPlatforms) = preSolution
		Debug|Any CPU = Debug|Any CPU
		Release|Any CPU = Release|Any CPU
	EndGlobalSection
	GlobalSection(SolutionProperties) = preSolution
		HideSolutionNode = FALSE
	EndGlobalSection
	GlobalSection(ProjectConfigurationPlatforms) = postSolution
		{316051EE-89AB-4D04-8E65-E22CAD98BBE0}.Debug|Any CPU.ActiveCfg = Debug|Any CPU
		{316051EE-89AB-4D04-8E65-E22CAD98BBE0}.Debug|Any CPU.Build.0 = Debug|Any CPU
		{316051EE-89AB-4D04-8E65-E22CAD98BBE0}.Release|Any CPU.ActiveCfg = Release|Any CPU
		{316051EE-89AB-4D04-8E65-E22CAD98BBE0}.Release|Any CPU.Build.0 = Release|Any CPU
		{A76B0B39-C61C-4519-93C1-68499E6EA54C}.Debug|Any CPU.ActiveCfg = Debug|Any CPU
		{A76B0B39-C61C-4519-93C1-68499E6EA54C}.Debug|Any CPU.Build.0 = Debug|Any CPU
		{A76B0B39-C61C-4519-93C1-68499E6EA54C}.Release|Any CPU.ActiveCfg = Release|Any CPU
		{A76B0B39-C61C-4519-93C1-68499E6EA54C}.Release|Any CPU.Build.0 = Release|Any CPU
		{36ADCBC1-3B0F-40A9-959C-2EEF138B0C1E}.Debug|Any CPU.ActiveCfg = Debug|Any CPU
		{36ADCBC1-3B0F-40A9-959C-2EEF138B0C1E}.Debug|Any CPU.Build.0 = Debug|Any CPU
		{36ADCBC1-3B0F-40A9-959C-2EEF138B0C1E}.Release|Any CPU.ActiveCfg = Release|Any CPU
		{36ADCBC1-3B0F-40A9-959C-2EEF138B0C1E}.Release|Any CPU.Build.0 = Release|Any CPU
		{045DE76F-FF23-4C14-8FA4-0FF2111D0351}.Debug|Any CPU.ActiveCfg = Debug|Any CPU
		{045DE76F-FF23-4C14-8FA4-0FF2111D0351}.Debug|Any CPU.Build.0 = Debug|Any CPU
		{045DE76F-FF23-4C14-8FA4-0FF2111D0351}.Release|Any CPU.ActiveCfg = Release|Any CPU
		{045DE76F-FF23-4C14-8FA4-0FF2111D0351}.Release|Any CPU.Build.0 = Release|Any CPU
	EndGlobalSection
	GlobalSection(NestedProjects) = preSolution
		{316051EE-89AB-4D04-8E65-E22CAD98BBE0} = {66270CB2-9DD0-49A7-8F7F-9A5B6CA1B1FD}
		{A76B0B39-C61C-4519-93C1-68499E6EA54C} = {66270CB2-9DD0-49A7-8F7F-9A5B6CA1B1FD}
		{36ADCBC1-3B0F-40A9-959C-2EEF138B0C1E} = {66270CB2-9DD0-49A7-8F7F-9A5B6CA1B1FD}
		{045DE76F-FF23-4C14-8FA4-0FF2111D0351} = {66270CB2-9DD0-49A7-8F7F-9A5B6CA1B1FD}
	EndGlobalSection
EndGlobal
